// !$*UTF8*$!
{
	archiveVersion = 1;
	classes = {
	};
	objectVersion = 46;
	objects = {

/* Begin PBXBuildFile section */
		48761DEE1D3BC68100E63FF5 /* AppDelegate.swift in Sources */ = {isa = PBXBuildFile; fileRef = 48761DED1D3BC68100E63FF5 /* AppDelegate.swift */; };
		48761DF31D3BC68100E63FF5 /* Main.storyboard in Resources */ = {isa = PBXBuildFile; fileRef = 48761DF11D3BC68100E63FF5 /* Main.storyboard */; };
		48761DF51D3BC68100E63FF5 /* Assets.xcassets in Resources */ = {isa = PBXBuildFile; fileRef = 48761DF41D3BC68100E63FF5 /* Assets.xcassets */; };
		48761DF81D3BC68100E63FF5 /* LaunchScreen.storyboard in Resources */ = {isa = PBXBuildFile; fileRef = 48761DF61D3BC68100E63FF5 /* LaunchScreen.storyboard */; };
		48761E001D3BCF3900E63FF5 /* ConversionViewController.swift in Sources */ = {isa = PBXBuildFile; fileRef = 48761DFF1D3BCF3900E63FF5 /* ConversionViewController.swift */; };
		48B76C7D1D4339640036D6F2 /* WebViewController.swift in Sources */ = {isa = PBXBuildFile; fileRef = 48B76C7C1D4339640036D6F2 /* WebViewController.swift */; };
		48B76C7F1D4340710036D6F2 /* CoreLocation.framework in Frameworks */ = {isa = PBXBuildFile; fileRef = 48B76C7E1D4340710036D6F2 /* CoreLocation.framework */; };
		48C2A2FC1D3E768600F522E4 /* MapKit.framework in Frameworks */ = {isa = PBXBuildFile; fileRef = 48C2A2FB1D3E768600F522E4 /* MapKit.framework */; };
		48C2A2FE1D3E791F00F522E4 /* MapViewController.swift in Sources */ = {isa = PBXBuildFile; fileRef = 48C2A2FD1D3E791F00F522E4 /* MapViewController.swift */; };
/* End PBXBuildFile section */

/* Begin PBXFileReference section */
		48761DEA1D3BC68100E63FF5 /* WorldTrotter.app */ = {isa = PBXFileReference; explicitFileType = wrapper.application; includeInIndex = 0; path = WorldTrotter.app; sourceTree = BUILT_PRODUCTS_DIR; };
		48761DED1D3BC68100E63FF5 /* AppDelegate.swift */ = {isa = PBXFileReference; lastKnownFileType = sourcecode.swift; path = AppDelegate.swift; sourceTree = "<group>"; };
		48761DF21D3BC68100E63FF5 /* Base */ = {isa = PBXFileReference; lastKnownFileType = file.storyboard; name = Base; path = Base.lproj/Main.storyboard; sourceTree = "<group>"; };
		48761DF41D3BC68100E63FF5 /* Assets.xcassets */ = {isa = PBXFileReference; lastKnownFileType = folder.assetcatalog; path = Assets.xcassets; sourceTree = "<group>"; };
		48761DF71D3BC68100E63FF5 /* Base */ = {isa = PBXFileReference; lastKnownFileType = file.storyboard; name = Base; path = Base.lproj/LaunchScreen.storyboard; sourceTree = "<group>"; };
		48761DF91D3BC68100E63FF5 /* Info.plist */ = {isa = PBXFileReference; lastKnownFileType = text.plist.xml; path = Info.plist; sourceTree = "<group>"; };
		48761DFF1D3BCF3900E63FF5 /* ConversionViewController.swift */ = {isa = PBXFileReference; fileEncoding = 4; lastKnownFileType = sourcecode.swift; name = ConversionViewController.swift; path = ../ConversionViewController.swift; sourceTree = "<group>"; };
		48B76C7C1D4339640036D6F2 /* WebViewController.swift */ = {isa = PBXFileReference; fileEncoding = 4; lastKnownFileType = sourcecode.swift; path = WebViewController.swift; sourceTree = "<group>"; };
		48B76C7E1D4340710036D6F2 /* CoreLocation.framework */ = {isa = PBXFileReference; lastKnownFileType = wrapper.framework; name = CoreLocation.framework; path = System/Library/Frameworks/CoreLocation.framework; sourceTree = SDKROOT; };
		48C2A2FB1D3E768600F522E4 /* MapKit.framework */ = {isa = PBXFileReference; lastKnownFileType = wrapper.framework; name = MapKit.framework; path = System/Library/Frameworks/MapKit.framework; sourceTree = SDKROOT; };
		48C2A2FD1D3E791F00F522E4 /* MapViewController.swift */ = {isa = PBXFileReference; fileEncoding = 4; lastKnownFileType = sourcecode.swift; path = MapViewController.swift; sourceTree = "<group>"; };
/* End PBXFileReference section */

/* Begin PBXFrameworksBuildPhase section */
		48761DE71D3BC68100E63FF5 /* Frameworks */ = {
			isa = PBXFrameworksBuildPhase;
			buildActionMask = 2147483647;
			files = (
				48B76C7F1D4340710036D6F2 /* CoreLocation.framework in Frameworks */,
				48C2A2FC1D3E768600F522E4 /* MapKit.framework in Frameworks */,
			);
			runOnlyForDeploymentPostprocessing = 0;
		};
/* End PBXFrameworksBuildPhase section */

/* Begin PBXGroup section */
		48761DE11D3BC68100E63FF5 = {
			isa = PBXGroup;
			children = (
				48B76C7E1D4340710036D6F2 /* CoreLocation.framework */,
				48C2A2FB1D3E768600F522E4 /* MapKit.framework */,
				48761DEC1D3BC68100E63FF5 /* WorldTrotter */,
				48761DEB1D3BC68100E63FF5 /* Products */,
			);
			sourceTree = "<group>";
		};
		48761DEB1D3BC68100E63FF5 /* Products */ = {
			isa = PBXGroup;
			children = (
				48761DEA1D3BC68100E63FF5 /* WorldTrotter.app */,
			);
			name = Products;
			sourceTree = "<group>";
		};
		48761DEC1D3BC68100E63FF5 /* WorldTrotter */ = {
			isa = PBXGroup;
			children = (
				48761DED1D3BC68100E63FF5 /* AppDelegate.swift */,
				48761DFF1D3BCF3900E63FF5 /* ConversionViewController.swift */,
				48C2A2FD1D3E791F00F522E4 /* MapViewController.swift */,
				48B76C7C1D4339640036D6F2 /* WebViewController.swift */,
				48761DF11D3BC68100E63FF5 /* Main.storyboard */,
				48761DF41D3BC68100E63FF5 /* Assets.xcassets */,
				48761DF61D3BC68100E63FF5 /* LaunchScreen.storyboard */,
				48761DF91D3BC68100E63FF5 /* Info.plist */,
			);
			path = WorldTrotter;
			sourceTree = "<group>";
		};
/* End PBXGroup section */

/* Begin PBXNativeTarget section */
		48761DE91D3BC68100E63FF5 /* WorldTrotter */ = {
			isa = PBXNativeTarget;
			buildConfigurationList = 48761DFC1D3BC68100E63FF5 /* Build configuration list for PBXNativeTarget "WorldTrotter" */;
			buildPhases = (
				48761DE61D3BC68100E63FF5 /* Sources */,
				48761DE71D3BC68100E63FF5 /* Frameworks */,
				48761DE81D3BC68100E63FF5 /* Resources */,
			);
			buildRules = (
			);
			dependencies = (
			);
			name = WorldTrotter;
			productName = WorldTrotter;
			productReference = 48761DEA1D3BC68100E63FF5 /* WorldTrotter.app */;
			productType = "com.apple.product-type.application";
		};
/* End PBXNativeTarget section */

/* Begin PBXProject section */
		48761DE21D3BC68100E63FF5 /* Project object */ = {
			isa = PBXProject;
			attributes = {
				LastSwiftUpdateCheck = 0730;
				LastUpgradeCheck = 0730;
				ORGANIZATIONNAME = "Joonwon Lee";
				TargetAttributes = {
					48761DE91D3BC68100E63FF5 = {
						CreatedOnToolsVersion = 7.3;
					};
				};
			};
			buildConfigurationList = 48761DE51D3BC68100E63FF5 /* Build configuration list for PBXProject "WorldTrotter" */;
			compatibilityVersion = "Xcode 3.2";
			developmentRegion = English;
			hasScannedForEncodings = 0;
			knownRegions = (
				en,
				Base,
			);
			mainGroup = 48761DE11D3BC68100E63FF5;
			productRefGroup = 48761DEB1D3BC68100E63FF5 /* Products */;
			projectDirPath = "";
			projectRoot = "";
			targets = (
				48761DE91D3BC68100E63FF5 /* WorldTrotter */,
			);
		};
/* End PBXProject section */

/* Begin PBXResourcesBuildPhase section */
		48761DE81D3BC68100E63FF5 /* Resources */ = {
			isa = PBXResourcesBuildPhase;
			buildActionMask = 2147483647;
			files = (
				48761DF81D3BC68100E63FF5 /* LaunchScreen.storyboard in Resources */,
				48761DF51D3BC68100E63FF5 /* Assets.xcassets in Resources */,
				48761DF31D3BC68100E63FF5 /* Main.storyboard in Resources */,
			);
			runOnlyForDeploymentPostprocessing = 0;
		};
/* End PBXResourcesBuildPhase section */

/* Begin PBXSourcesBuildPhase section */
		48761DE61D3BC68100E63FF5 /* Sources */ = {
			isa = PBXSourcesBuildPhase;
			buildActionMask = 2147483647;
			files = (
				48761E001D3BCF3900E63FF5 /* ConversionViewController.swift in Sources */,
				48C2A2FE1D3E791F00F522E4 /* MapViewController.swift in Sources */,
				48761DEE1D3BC68100E63FF5 /* AppDelegate.swift in Sources */,
				48B76C7D1D4339640036D6F2 /* WebViewController.swift in Sources */,
			);
			runOnlyForDeploymentPostprocessing = 0;
		};
/* End PBXSourcesBuildPhase section */

/* Begin PBXVariantGroup section */
		48761DF11D3BC68100E63FF5 /* Main.storyboard */ = {
			isa = PBXVariantGroup;
			children = (
				48761DF21D3BC68100E63FF5 /* Base */,
			);
			name = Main.storyboard;
			sourceTree = "<group>";
		};
		48761DF61D3BC68100E63FF5 /* LaunchScreen.storyboard */ = {
			isa = PBXVariantGroup;
			children = (
				48761DF71D3BC68100E63FF5 /* Base */,
			);
			name = LaunchScreen.storyboard;
			sourceTree = "<group>";
		};
/* End PBXVariantGroup section */

/* Begin XCBuildConfiguration section */
		48761DFA1D3BC68100E63FF5 /* Debug */ = {
			isa = XCBuildConfiguration;
			buildSettings = {
				ALWAYS_SEARCH_USER_PATHS = NO;
				CLANG_ANALYZER_NONNULL = YES;
				CLANG_CXX_LANGUAGE_STANDARD = "gnu++0x";
				CLANG_CXX_LIBRARY = "libc++";
				CLANG_ENABLE_MODULES = YES;
				CLANG_ENABLE_OBJC_ARC = YES;
				CLANG_WARN_BOOL_CONVERSION = YES;
				CLANG_WARN_CONSTANT_CONVERSION = YES;
				CLANG_WARN_DIRECT_OBJC_ISA_USAGE = YES_ERROR;
				CLANG_WARN_EMPTY_BODY = YES;
				CLANG_WARN_ENUM_CONVERSION = YES;
				CLANG_WARN_INT_CONVERSION = YES;
				CLANG_WARN_OBJC_ROOT_CLASS = YES_ERROR;
				CLANG_WARN_UNREACHABLE_CODE = YES;
				CLANG_WARN__DUPLICATE_METHOD_MATCH = YES;
				"CODE_SIGN_IDENTITY[sdk=iphoneos*]" = "iPhone Developer";
				COPY_PHASE_STRIP = NO;
				DEBUG_INFORMATION_FORMAT = dwarf;
				ENABLE_STRICT_OBJC_MSGSEND = YES;
				ENABLE_TESTABILITY = YES;
				GCC_C_LANGUAGE_STANDARD = gnu99;
				GCC_DYNAMIC_NO_PIC = NO;
				GCC_NO_COMMON_BLOCKS = YES;
				GCC_OPTIMIZATION_LEVEL = 0;
				GCC_PREPROCESSOR_DEFINITIONS = (
					"DEBUG=1",
					"$(inherited)",
				);
				GCC_WARN_64_TO_32_BIT_CONVERSION = YES;
				GCC_WARN_ABOUT_RETURN_TYPE = YES_ERROR;
				GCC_WARN_UNDECLARED_SELECTOR = YES;
				GCC_WARN_UNINITIALIZED_AUTOS = YES_AGGRESSIVE;
				GCC_WARN_UNUSED_FUNCTION = YES;
				GCC_WARN_UNUSED_VARIABLE = YES;
				IPHONEOS_DEPLOYMENT_TARGET = 9.3;
				MTL_ENABLE_DEBUG_INFO = YES;
				ONLY_ACTIVE_ARCH = YES;
				SDKROOT = iphoneos;
				SWIFT_OPTIMIZATION_LEVEL = "-Onone";
			};
			name = Debug;
		};
		48761DFB1D3BC68100E63FF5 /* Release */ = {
			isa = XCBuildConfiguration;
			buildSettings = {
				ALWAYS_SEARCH_USER_PATHS = NO;
				CLANG_ANALYZER_NONNULL = YES;
				CLANG_CXX_LANGUAGE_STANDARD = "gnu++0x";
				CLANG_CXX_LIBRARY = "libc++";
				CLANG_ENABLE_MODULES = YES;
				CLANG_ENABLE_OBJC_ARC = YES;
				CLANG_WARN_BOOL_CONVERSION = YES;
				CLANG_WARN_CONSTANT_CONVERSION = YES;
				CLANG_WARN_DIRECT_OBJC_ISA_USAGE = YES_ERROR;
				CLANG_WARN_EMPTY_BODY = YES;
				CLANG_WARN_ENUM_CONVERSION = YES;
				CLANG_WARN_INT_CONVERSION = YES;
				CLANG_WARN_OBJC_ROOT_CLASS = YES_ERROR;
				CLANG_WARN_UNREACHABLE_CODE = YES;
				CLANG_WARN__DUPLICATE_METHOD_MATCH = YES;
				"CODE_SIGN_IDENTITY[sdk=iphoneos*]" = "iPhone Developer";
				COPY_PHASE_STRIP = NO;
				DEBUG_INFORMATION_FORMAT = "dwarf-with-dsym";
				ENABLE_NS_ASSERTIONS = NO;
				ENABLE_STRICT_OBJC_MSGSEND = YES;
				GCC_C_LANGUAGE_STANDARD = gnu99;
				GCC_NO_COMMON_BLOCKS = YES;
				GCC_WARN_64_TO_32_BIT_CONVERSION = YES;
				GCC_WARN_ABOUT_RETURN_TYPE = YES_ERROR;
				GCC_WARN_UNDECLARED_SELECTOR = YES;
				GCC_WARN_UNINITIALIZED_AUTOS = YES_AGGRESSIVE;
				GCC_WARN_UNUSED_FUNCTION = YES;
				GCC_WARN_UNUSED_VARIABLE = YES;
				IPHONEOS_DEPLOYMENT_TARGET = 9.3;
				MTL_ENABLE_DEBUG_INFO = NO;
				SDKROOT = iphoneos;
				VALIDATE_PRODUCT = YES;
			};
			name = Release;
		};
		48761DFD1D3BC68100E63FF5 /* Debug */ = {
			isa = XCBuildConfiguration;
			buildSettings = {
				ASSETCATALOG_COMPILER_APPICON_NAME = AppIcon;
				INFOPLIST_FILE = WorldTrotter/Info.plist;
				LD_RUNPATH_SEARCH_PATHS = "$(inherited) @executable_path/Frameworks";
				PRODUCT_BUNDLE_IDENTIFIER = com.joonwon.WorldTrotter;
				PRODUCT_NAME = "$(TARGET_NAME)";
			};
			name = Debug;
		};
		48761DFE1D3BC68100E63FF5 /* Release */ = {
			isa = XCBuildConfiguration;
			buildSettings = {
				ASSETCATALOG_COMPILER_APPICON_NAME = AppIcon;
				INFOPLIST_FILE = WorldTrotter/Info.plist;
				LD_RUNPATH_SEARCH_PATHS = "$(inherited) @executable_path/Frameworks";
				PRODUCT_BUNDLE_IDENTIFIER = com.joonwon.WorldTrotter;
				PRODUCT_NAME = "$(TARGET_NAME)";
			};
			name = Release;
		};
/* End XCBuildConfiguration section */

/* Begin XCConfigurationList section */
		48761DE51D3BC68100E63FF5 /* Build configuration list for PBXProject "WorldTrotter" */ = {
			isa = XCConfigurationList;
			buildConfigurations = (
				48761DFA1D3BC68100E63FF5 /* Debug */,
				48761DFB1D3BC68100E63FF5 /* Release */,
			);
			defaultConfigurationIsVisible = 0;
			defaultConfigurationName = Release;
		};
		48761DFC1D3BC68100E63FF5 /* Build configuration list for PBXNativeTarget "WorldTrotter" */ = {
			isa = XCConfigurationList;
			buildConfigurations = (
				48761DFD1D3BC68100E63FF5 /* Debug */,
				48761DFE1D3BC68100E63FF5 /* Release */,
			);
			defaultConfigurationIsVisible = 0;
			defaultConfigurationName = Release;
		};
/* End XCConfigurationList section */
	};
	rootObject = 48761DE21D3BC68100E63FF5 /* Project object */;
}
